
Microsoft Visual Studio Solution File, Format Version 12.00
# Visual Studio Version 17
VisualStudioVersion = 17.4.33205.214
MinimumVisualStudioVersion = 10.0.40219.1
Project("{FAE04EC0-301F-11D3-BF4B-00C04F79EFBC}") = "Assignment1", "Assignment1\Assignment1.csproj", "{9F273C5D-5FBD-49F2-B784-5EE339F8B639}"
EndProject
Global
	GlobalSection(SolutionConfigurationPlatforms) = preSolution
		Debug|Any CPU = Debug|Any CPU
		Release|Any CPU = Release|Any CPU
	EndGlobalSection
	GlobalSection(ProjectConfigurationPlatforms) = postSolution
		{9F273C5D-5FBD-49F2-B784-5EE339F8B639}.Debug|Any CPU.ActiveCfg = Debug|Any CPU
		{9F273C5D-5FBD-49F2-B784-5EE339F8B639}.Debug|Any CPU.Build.0 = Debug|Any CPU
		{9F273C5D-5FBD-49F2-B784-5EE339F8B639}.Release|Any CPU.ActiveCfg = Release|Any CPU
		{9F273C5D-5FBD-49F2-B784-5EE339F8B639}.Release|Any CPU.Build.0 = Release|Any CPU
	EndGlobalSection
	GlobalSection(SolutionProperties) = preSolution
		HideSolutionNode = FALSE
	EndGlobalSection
	GlobalSection(ExtensibilityGlobals) = postSolution
		SolutionGuid = {A60AE355-03AA-4EE5-A4F2-784DCA0AA685}
	EndGlobalSection
EndGlobal
